
Microsoft Visual Studio Solution File, Format Version 12.00
# Visual Studio Version 16
VisualStudioVersion = 16.0.31025.194
MinimumVisualStudioVersion = 10.0.40219.1
Project("{8BC9CEB8-8B4A-11D0-8D11-00A0C91BC942}") = "лаба ооп2", "лаба ооп2\лаба ооп2.vcxproj", "{C405D8CE-8195-4C5D-AF02-1E2392D96791}"
EndProject
Project("{8BC9CEB8-8B4A-11D0-8D11-00A0C91BC942}") = "ооп2.2", "ооп2.2\ооп2.2.vcxproj", "{402ACFD4-98B2-46CE-9162-B16318FA02C6}"
EndProject
Project("{8BC9CEB8-8B4A-11D0-8D11-00A0C91BC942}") = "ооп2.3", "ооп2.3\ооп2.3.vcxproj", "{EBC230CB-E75E-42D4-B377-25AAA2C84C9F}"
EndProject
Project("{8BC9CEB8-8B4A-11D0-8D11-00A0C91BC942}") = "ооп2.4", "ооп2.4\ооп2.4.vcxproj", "{2E2A4C41-76D9-4817-B6AA-98540862EEA6}"
EndProject
Project("{8BC9CEB8-8B4A-11D0-8D11-00A0C91BC942}") = "ооп2.5", "ооп2.5\ооп2.5.vcxproj", "{D82E3517-E9BF-402F-99B7-8B8F473E28B9}"
EndProject
Global
	GlobalSection(SolutionConfigurationPlatforms) = preSolution
		Debug|x64 = Debug|x64
		Debug|x86 = Debug|x86
		Release|x64 = Release|x64
		Release|x86 = Release|x86
	EndGlobalSection
	GlobalSection(ProjectConfigurationPlatforms) = postSolution
		{C405D8CE-8195-4C5D-AF02-1E2392D96791}.Debug|x64.ActiveCfg = Debug|x64
		{C405D8CE-8195-4C5D-AF02-1E2392D96791}.Debug|x64.Build.0 = Debug|x64
		{C405D8CE-8195-4C5D-AF02-1E2392D96791}.Debug|x86.ActiveCfg = Debug|Win32
		{C405D8CE-8195-4C5D-AF02-1E2392D96791}.Debug|x86.Build.0 = Debug|Win32
		{C405D8CE-8195-4C5D-AF02-1E2392D96791}.Release|x64.ActiveCfg = Release|x64
		{C405D8CE-8195-4C5D-AF02-1E2392D96791}.Release|x64.Build.0 = Release|x64
		{C405D8CE-8195-4C5D-AF02-1E2392D96791}.Release|x86.ActiveCfg = Release|Win32
		{C405D8CE-8195-4C5D-AF02-1E2392D96791}.Release|x86.Build.0 = Release|Win32
		{402ACFD4-98B2-46CE-9162-B16318FA02C6}.Debug|x64.ActiveCfg = Debug|x64
		{402ACFD4-98B2-46CE-9162-B16318FA02C6}.Debug|x64.Build.0 = Debug|x64
		{402ACFD4-98B2-46CE-9162-B16318FA02C6}.Debug|x86.ActiveCfg = Debug|Win32
		{402ACFD4-98B2-46CE-9162-B16318FA02C6}.Debug|x86.Build.0 = Debug|Win32
		{402ACFD4-98B2-46CE-9162-B16318FA02C6}.Release|x64.ActiveCfg = Release|x64
		{402ACFD4-98B2-46CE-9162-B16318FA02C6}.Release|x64.Build.0 = Release|x64
		{402ACFD4-98B2-46CE-9162-B16318FA02C6}.Release|x86.ActiveCfg = Release|Win32
		{402ACFD4-98B2-46CE-9162-B16318FA02C6}.Release|x86.Build.0 = Release|Win32
		{EBC230CB-E75E-42D4-B377-25AAA2C84C9F}.Debug|x64.ActiveCfg = Debug|x64
		{EBC230CB-E75E-42D4-B377-25AAA2C84C9F}.Debug|x64.Build.0 = Debug|x64
		{EBC230CB-E75E-42D4-B377-25AAA2C84C9F}.Debug|x86.ActiveCfg = Debug|Win32
		{EBC230CB-E75E-42D4-B377-25AAA2C84C9F}.Debug|x86.Build.0 = Debug|Win32
		{EBC230CB-E75E-42D4-B377-25AAA2C84C9F}.Release|x64.ActiveCfg = Release|x64
		{EBC230CB-E75E-42D4-B377-25AAA2C84C9F}.Release|x64.Build.0 = Release|x64
		{EBC230CB-E75E-42D4-B377-25AAA2C84C9F}.Release|x86.ActiveCfg = Release|Win32
		{EBC230CB-E75E-42D4-B377-25AAA2C84C9F}.Release|x86.Build.0 = Release|Win32
		{2E2A4C41-76D9-4817-B6AA-98540862EEA6}.Debug|x64.ActiveCfg = Debug|x64
		{2E2A4C41-76D9-4817-B6AA-98540862EEA6}.Debug|x64.Build.0 = Debug|x64
		{2E2A4C41-76D9-4817-B6AA-98540862EEA6}.Debug|x86.ActiveCfg = Debug|Win32
		{2E2A4C41-76D9-4817-B6AA-98540862EEA6}.Debug|x86.Build.0 = Debug|Win32
		{2E2A4C41-76D9-4817-B6AA-98540862EEA6}.Release|x64.ActiveCfg = Release|x64
		{2E2A4C41-76D9-4817-B6AA-98540862EEA6}.Release|x64.Build.0 = Release|x64
		{2E2A4C41-76D9-4817-B6AA-98540862EEA6}.Release|x86.ActiveCfg = Release|Win32
		{2E2A4C41-76D9-4817-B6AA-98540862EEA6}.Release|x86.Build.0 = Release|Win32
		{D82E3517-E9BF-402F-99B7-8B8F473E28B9}.Debug|x64.ActiveCfg = Debug|x64
		{D82E3517-E9BF-402F-99B7-8B8F473E28B9}.Debug|x64.Build.0 = Debug|x64
		{D82E3517-E9BF-402F-99B7-8B8F473E28B9}.Debug|x86.ActiveCfg = Debug|Win32
		{D82E3517-E9BF-402F-99B7-8B8F473E28B9}.Debug|x86.Build.0 = Debug|Win32
		{D82E3517-E9BF-402F-99B7-8B8F473E28B9}.Release|x64.ActiveCfg = Release|x64
		{D82E3517-E9BF-402F-99B7-8B8F473E28B9}.Release|x64.Build.0 = Release|x64
		{D82E3517-E9BF-402F-99B7-8B8F473E28B9}.Release|x86.ActiveCfg = Release|Win32
		{D82E3517-E9BF-402F-99B7-8B8F473E28B9}.Release|x86.Build.0 = Release|Win32
	EndGlobalSection
	GlobalSection(SolutionProperties) = preSolution
		HideSolutionNode = FALSE
	EndGlobalSection
	GlobalSection(ExtensibilityGlobals) = postSolution
		SolutionGuid = {93B2649B-D6FF-4E79-8719-E615E09CB222}
	EndGlobalSection
EndGlobal
